
Microsoft Visual Studio Solution File, Format Version 12.00
# Visual Studio Version 16
VisualStudioVersion = 16.0.30204.135
MinimumVisualStudioVersion = 10.0.40219.1
Project("{FAE04EC0-301F-11D3-BF4B-00C04F79EFBC}") = "AB120_03_HelloWorld", "AB120_03_HelloWorld\AB120_03_HelloWorld.csproj", "{EFBA917D-384C-47D2-930E-5A5BE149D715}"
EndProject
Global
	GlobalSection(SolutionConfigurationPlatforms) = preSolution
		Debug|Any CPU = Debug|Any CPU
		Release|Any CPU = Release|Any CPU
	EndGlobalSection
	GlobalSection(ProjectConfigurationPlatforms) = postSolution
		{EFBA917D-384C-47D2-930E-5A5BE149D715}.Debug|Any CPU.ActiveCfg = Debug|Any CPU
		{EFBA917D-384C-47D2-930E-5A5BE149D715}.Debug|Any CPU.Build.0 = Debug|Any CPU
		{EFBA917D-384C-47D2-930E-5A5BE149D715}.Release|Any CPU.ActiveCfg = Release|Any CPU
		{EFBA917D-384C-47D2-930E-5A5BE149D715}.Release|Any CPU.Build.0 = Release|Any CPU
	EndGlobalSection
	GlobalSection(SolutionProperties) = preSolution
		HideSolutionNode = FALSE
	EndGlobalSection
	GlobalSection(ExtensibilityGlobals) = postSolution
		SolutionGuid = {DCD47789-6216-42A1-A143-017CC40C66F7}
	EndGlobalSection
EndGlobal
